
Microsoft Visual Studio Solution File, Format Version 12.00
# Visual Studio Version 17
VisualStudioVersion = 17.8.34525.116
MinimumVisualStudioVersion = 10.0.40219.1
Project("{F2A71F9B-5D33-465A-A702-920D77279786}") = "ParseTree", "ParseTree\ParseTree.fsproj", "{6B276813-3B3C-4E6A-9030-5F5B6738B78D}"
EndProject
Global
	GlobalSection(SolutionConfigurationPlatforms) = preSolution
		Debug|Any CPU = Debug|Any CPU
		Release|Any CPU = Release|Any CPU
	EndGlobalSection
	GlobalSection(ProjectConfigurationPlatforms) = postSolution
		{6B276813-3B3C-4E6A-9030-5F5B6738B78D}.Debug|Any CPU.ActiveCfg = Debug|Any CPU
		{6B276813-3B3C-4E6A-9030-5F5B6738B78D}.Debug|Any CPU.Build.0 = Debug|Any CPU
		{6B276813-3B3C-4E6A-9030-5F5B6738B78D}.Release|Any CPU.ActiveCfg = Release|Any CPU
		{6B276813-3B3C-4E6A-9030-5F5B6738B78D}.Release|Any CPU.Build.0 = Release|Any CPU
	EndGlobalSection
	GlobalSection(SolutionProperties) = preSolution
		HideSolutionNode = FALSE
	EndGlobalSection
	GlobalSection(ExtensibilityGlobals) = postSolution
		SolutionGuid = {B53F3889-9E2E-4B17-A795-A75F3CC1B5C3}
	EndGlobalSection
EndGlobal
